{
  "lockfileVersion": 1,
  "configVersion": 1,
  "workspaces": {
    "": {
      "name": "monorepo",
      "devDependencies": {
        "@biomejs/biome": "2.3.11",
        "@types/node": "^24.3.3",
        "lefthook": "^2.0.12",
        "rimraf": "^6.0.1",
        "typescript": "^5.9.2",
      },
    },
  },
  "trustedDependencies": [
    "lefthook",
  ],
  "packages": {
    "@biomejs/biome": ["@biomejs/biome@2.3.11", "", { "optionalDependencies": { "@biomejs/cli-darwin-arm64": "2.3.11", "@biomejs/cli-darwin-x64": "2.3.11", "@biomejs/cli-linux-arm64": "2.3.11", "@biomejs/cli-linux-arm64-musl": "2.3.11", "@biomejs/cli-linux-x64": "2.3.11", "@biomejs/cli-linux-x64-musl": "2.3.11", "@biomejs/cli-win32-arm64": "2.3.11", "@biomejs/cli-win32-x64": "2.3.11" }, "bin": { "biome": "bin/biome" } }, "sha512-/zt+6qazBWguPG6+eWmiELqO+9jRsMZ/DBU3lfuU2ngtIQYzymocHhKiZRyrbra4aCOoyTg/BmY+6WH5mv9xmQ=="],

    "@biomejs/cli-darwin-arm64": ["@biomejs/cli-darwin-arm64@2.3.11", "", { "os": "darwin", "cpu": "arm64" }, "sha512-/uXXkBcPKVQY7rc9Ys2CrlirBJYbpESEDme7RKiBD6MmqR2w3j0+ZZXRIL2xiaNPsIMMNhP1YnA+jRRxoOAFrA=="],

    "@biomejs/cli-darwin-x64": ["@biomejs/cli-darwin-x64@2.3.11", "", { "os": "darwin", "cpu": "x64" }, "sha512-fh7nnvbweDPm2xEmFjfmq7zSUiox88plgdHF9OIW4i99WnXrAC3o2P3ag9judoUMv8FCSUnlwJCM1B64nO5Fbg=="],

    "@biomejs/cli-linux-arm64": ["@biomejs/cli-linux-arm64@2.3.11", "", { "os": "linux", "cpu": "arm64" }, "sha512-l4xkGa9E7Uc0/05qU2lMYfN1H+fzzkHgaJoy98wO+b/7Gl78srbCRRgwYSW+BTLixTBrM6Ede5NSBwt7rd/i6g=="],

    "@biomejs/cli-linux-arm64-musl": ["@biomejs/cli-linux-arm64-musl@2.3.11", "", { "os": "linux", "cpu": "arm64" }, "sha512-XPSQ+XIPZMLaZ6zveQdwNjbX+QdROEd1zPgMwD47zvHV+tCGB88VH+aynyGxAHdzL+Tm/+DtKST5SECs4iwCLg=="],

    "@biomejs/cli-linux-x64": ["@biomejs/cli-linux-x64@2.3.11", "", { "os": "linux", "cpu": "x64" }, "sha512-/1s9V/H3cSe0r0Mv/Z8JryF5x9ywRxywomqZVLHAoa/uN0eY7F8gEngWKNS5vbbN/BsfpCG5yeBT5ENh50Frxg=="],

    "@biomejs/cli-linux-x64-musl": ["@biomejs/cli-linux-x64-musl@2.3.11", "", { "os": "linux", "cpu": "x64" }, "sha512-vU7a8wLs5C9yJ4CB8a44r12aXYb8yYgBn+WeyzbMjaCMklzCv1oXr8x+VEyWodgJt9bDmhiaW/I0RHbn7rsNmw=="],

    "@biomejs/cli-win32-arm64": ["@biomejs/cli-win32-arm64@2.3.11", "", { "os": "win32", "cpu": "arm64" }, "sha512-PZQ6ElCOnkYapSsysiTy0+fYX+agXPlWugh6+eQ6uPKI3vKAqNp6TnMhoM3oY2NltSB89hz59o8xIfOdyhi9Iw=="],

    "@biomejs/cli-win32-x64": ["@biomejs/cli-win32-x64@2.3.11", "", { "os": "win32", "cpu": "x64" }, "sha512-43VrG813EW+b5+YbDbz31uUsheX+qFKCpXeY9kfdAx+ww3naKxeVkTD9zLIWxUPfJquANMHrmW3wbe/037G0Qg=="],

    "@isaacs/balanced-match": ["@isaacs/balanced-match@4.0.1", "", {}, "sha512-yzMTt9lEb8Gv7zRioUilSglI0c0smZ9k5D65677DLWLtWJaXIS3CqcGyUFByYKlnUj6TkjLVs54fBl6+TiGQDQ=="],

    "@isaacs/brace-expansion": ["@isaacs/brace-expansion@5.0.1", "", { "dependencies": { "@isaacs/balanced-match": "^4.0.1" } }, "sha512-WMz71T1JS624nWj2n2fnYAuPovhv7EUhk69R6i9dsVyzxt5eM3bjwvgk9L+APE1TRscGysAVMANkB0jh0LQZrQ=="],

    "@types/node": ["@types/node@24.10.13", "", { "dependencies": { "undici-types": "~7.16.0" } }, "sha512-oH72nZRfDv9lADUBSo104Aq7gPHpQZc4BTx38r9xf9pg5LfP6EzSyH2n7qFmmxRQXh7YlUXODcYsg6PuTDSxGg=="],

    "glob": ["glob@13.0.2", "", { "dependencies": { "minimatch": "^10.1.2", "minipass": "^7.1.2", "path-scurry": "^2.0.0" } }, "sha512-035InabNu/c1lW0tzPhAgapKctblppqsKKG9ZaNzbr+gXwWMjXoiyGSyB9sArzrjG7jY+zntRq5ZSUYemrnWVQ=="],

    "lefthook": ["lefthook@2.1.0", "", { "optionalDependencies": { "lefthook-darwin-arm64": "2.1.0", "lefthook-darwin-x64": "2.1.0", "lefthook-freebsd-arm64": "2.1.0", "lefthook-freebsd-x64": "2.1.0", "lefthook-linux-arm64": "2.1.0", "lefthook-linux-x64": "2.1.0", "lefthook-openbsd-arm64": "2.1.0", "lefthook-openbsd-x64": "2.1.0", "lefthook-windows-arm64": "2.1.0", "lefthook-windows-x64": "2.1.0" }, "bin": { "lefthook": "bin/index.js" } }, "sha512-+vS+yywGQW6CN1J1hbGkez//6ixGHIQqfxDN/d3JDm531w9GfGt2lAWTDfZTw/CEl80XsN0raFcnEraR3ldw9g=="],

    "lefthook-darwin-arm64": ["lefthook-darwin-arm64@2.1.0", "", { "os": "darwin", "cpu": "arm64" }, "sha512-u2hjHLQXWSFfzO7ln2n/uEydSzfC9sc5cDC7tvKSuOdhvBwaJ0AQ7ZeuqqCQ4YfVIJfYOom1SVE9CBd10FVyig=="],

    "lefthook-darwin-x64": ["lefthook-darwin-x64@2.1.0", "", { "os": "darwin", "cpu": "x64" }, "sha512-zz5rcyrtOZpxon7uE+c0KC/o2ypJeLZql5CL0Y9oaTuECbmhfokm8glsGnyWstW/++PuMpZYYr/qsCJA5elxkQ=="],

    "lefthook-freebsd-arm64": ["lefthook-freebsd-arm64@2.1.0", "", { "os": "freebsd", "cpu": "arm64" }, "sha512-+mXNCNuFHNGYLrDqYWDeHH7kWCLCJFPpspx5PAAm+PD37PRMZJrTqDbaNK9qCghC1tdmT4/Lvilf/ewXHPlaKw=="],

    "lefthook-freebsd-x64": ["lefthook-freebsd-x64@2.1.0", "", { "os": "freebsd", "cpu": "x64" }, "sha512-+AU2HD7szuDsUdHue/E3OnF84B2ae/h7CGKpuIUHJntgoJ4kxf89oDvq2/xl8kDCn9cT76UUjgeZUgFYLRj+6Q=="],

    "lefthook-linux-arm64": ["lefthook-linux-arm64@2.1.0", "", { "os": "linux", "cpu": "arm64" }, "sha512-KM70eV1tsEib1/tk+3TFxIdH84EaYlIg5KTQWAg+LB1N23nTQ7lL4Dnh1je6f6KW4tf21nmoMUqsh0xvMkQk8Q=="],

    "lefthook-linux-x64": ["lefthook-linux-x64@2.1.0", "", { "os": "linux", "cpu": "x64" }, "sha512-6Bxmv+l7LiYq9W0IE6v2lmlRtBp6pisnlzhcouMGvH3rDwEGw11NAyRJZA3IPGEMAkIuhnlnVTUwAUzKomfJLg=="],

    "lefthook-openbsd-arm64": ["lefthook-openbsd-arm64@2.1.0", "", { "os": "openbsd", "cpu": "arm64" }, "sha512-ppJNK0bBSPLC8gqksRw5zI/0uLeMA5cK+hmZ4ofcuGNmdrN1dfl2Tx84fdeef0NcQY0ii9Y3j3icIKngIoid/g=="],

    "lefthook-openbsd-x64": ["lefthook-openbsd-x64@2.1.0", "", { "os": "openbsd", "cpu": "x64" }, "sha512-8k9lQsMYqQGu4spaQ8RNSOJidxIcOyfaoF2FPZhthtBfRV3cgVFGrsQ0hbIi5pvQRGUlCqYuCN79qauXHmnL3Q=="],

    "lefthook-windows-arm64": ["lefthook-windows-arm64@2.1.0", "", { "os": "win32", "cpu": "arm64" }, "sha512-0WN+grrxt9zP9NGRcztoPXcz25tteem91rfLWgQFab+50csJ47zldlsB7/eOS/eHG5mUg5g5NPR4XefnXtjOcQ=="],

    "lefthook-windows-x64": ["lefthook-windows-x64@2.1.0", "", { "os": "win32", "cpu": "x64" }, "sha512-XbO/5nAZQLpUn0tPpgCYfFBFJHnymSglQ73jD6wymNrR1j8I5EcXGlP6YcLhnZ83yzsdLC+gup+N6IqUeiyRdw=="],

    "lru-cache": ["lru-cache@11.2.6", "", {}, "sha512-ESL2CrkS/2wTPfuend7Zhkzo2u0daGJ/A2VucJOgQ/C48S/zB8MMeMHSGKYpXhIjbPxfuezITkaBH1wqv00DDQ=="],

    "minimatch": ["minimatch@10.1.2", "", { "dependencies": { "@isaacs/brace-expansion": "^5.0.1" } }, "sha512-fu656aJ0n2kcXwsnwnv9g24tkU5uSmOlTjd6WyyaKm2Z+h1qmY6bAjrcaIxF/BslFqbZ8UBtbJi7KgQOZD2PTw=="],

    "minipass": ["minipass@7.1.2", "", {}, "sha512-qOOzS1cBTWYF4BH8fVePDBOO9iptMnGUEZwNc/cMWnTV2nVLZ7VoNWEPHkYczZA0pdoA7dl6e7FL659nX9S2aw=="],

    "package-json-from-dist": ["package-json-from-dist@1.0.1", "", {}, "sha512-UEZIS3/by4OC8vL3P2dTXRETpebLI2NiI5vIrjaD/5UtrkFX/tNbwjTSRAGC/+7CAo2pIcBaRgWmcBBHcsaCIw=="],

    "path-scurry": ["path-scurry@2.0.1", "", { "dependencies": { "lru-cache": "^11.0.0", "minipass": "^7.1.2" } }, "sha512-oWyT4gICAu+kaA7QWk/jvCHWarMKNs6pXOGWKDTr7cw4IGcUbW+PeTfbaQiLGheFRpjo6O9J0PmyMfQPjH71oA=="],

    "rimraf": ["rimraf@6.1.2", "", { "dependencies": { "glob": "^13.0.0", "package-json-from-dist": "^1.0.1" }, "bin": { "rimraf": "dist/esm/bin.mjs" } }, "sha512-cFCkPslJv7BAXJsYlK1dZsbP8/ZNLkCAQ0bi1hf5EKX2QHegmDFEFA6QhuYJlk7UDdc+02JjO80YSOrWPpw06g=="],

    "typescript": ["typescript@5.9.3", "", { "bin": { "tsc": "bin/tsc", "tsserver": "bin/tsserver" } }, "sha512-jl1vZzPDinLr9eUt3J/t7V6FgNEw9QjvBPdysz9KfQDD41fQrC2Y4vKQdiaUpFT4bXlb1RHhLpp8wtm6M5TgSw=="],

    "undici-types": ["undici-types@7.16.0", "", {}, "sha512-Zz+aZWSj8LE6zoxD+xrjh4VfkIG8Ya6LvYkZqtUQGJPZjYl53ypCaUwWqo7eI0x66KBGeRo+mlBEkMSeSZ38Nw=="],
  }
}
